
Microsoft Visual Studio Solution File, Format Version 12.00
# Visual Studio Version 17
VisualStudioVersion = 17.1.32319.34
MinimumVisualStudioVersion = 10.0.40219.1
Project("{FAE04EC0-301F-11D3-BF4B-00C04F79EFBC}") = "U5_Libros_5_4", "U5_Libros_5_4.csproj", "{CEE4749E-E547-4663-BD38-755258499551}"
EndProject
Global
	GlobalSection(SolutionConfigurationPlatforms) = preSolution
		Debug|Any CPU = Debug|Any CPU
		Release|Any CPU = Release|Any CPU
	EndGlobalSection
	GlobalSection(ProjectConfigurationPlatforms) = postSolution
		{CEE4749E-E547-4663-BD38-755258499551}.Debug|Any CPU.ActiveCfg = Debug|Any CPU
		{CEE4749E-E547-4663-BD38-755258499551}.Debug|Any CPU.Build.0 = Debug|Any CPU
		{CEE4749E-E547-4663-BD38-755258499551}.Release|Any CPU.ActiveCfg = Release|Any CPU
		{CEE4749E-E547-4663-BD38-755258499551}.Release|Any CPU.Build.0 = Release|Any CPU
	EndGlobalSection
	GlobalSection(SolutionProperties) = preSolution
		HideSolutionNode = FALSE
	EndGlobalSection
	GlobalSection(ExtensibilityGlobals) = postSolution
		SolutionGuid = {24FBBA78-081A-4B4C-B848-94C03039F9A6}
	EndGlobalSection
EndGlobal
